
Microsoft Visual Studio Solution File, Format Version 12.00
# Visual Studio Version 16
VisualStudioVersion = 16.0.32413.511
MinimumVisualStudioVersion = 10.0.40219.1
Project("{FAE04EC0-301F-11D3-BF4B-00C04F79EFBC}") = "GitProgram", "GitProgram\GitProgram.csproj", "{C39986D9-FA40-44C0-AB03-DC985247A207}"
EndProject
Global
	GlobalSection(SolutionConfigurationPlatforms) = preSolution
		Debug|Any CPU = Debug|Any CPU
		Release|Any CPU = Release|Any CPU
	EndGlobalSection
	GlobalSection(ProjectConfigurationPlatforms) = postSolution
		{C39986D9-FA40-44C0-AB03-DC985247A207}.Debug|Any CPU.ActiveCfg = Debug|Any CPU
		{C39986D9-FA40-44C0-AB03-DC985247A207}.Debug|Any CPU.Build.0 = Debug|Any CPU
		{C39986D9-FA40-44C0-AB03-DC985247A207}.Release|Any CPU.ActiveCfg = Release|Any CPU
		{C39986D9-FA40-44C0-AB03-DC985247A207}.Release|Any CPU.Build.0 = Release|Any CPU
	EndGlobalSection
	GlobalSection(SolutionProperties) = preSolution
		HideSolutionNode = FALSE
	EndGlobalSection
	GlobalSection(ExtensibilityGlobals) = postSolution
		SolutionGuid = {7763F4F4-955D-402C-B490-39EFD80FFEB4}
	EndGlobalSection
EndGlobal
